// !$*UTF8*$!
{
	archiveVersion = 1;
	classes = {
	};
	objectVersion = 46;
	objects = {

/* Begin PBXBuildFile section */
		3BBD300D1441DAC700AF0371 /* UIKit.framework in Frameworks */ = {isa = PBXBuildFile; fileRef = 3BBD300C1441DAC700AF0371 /* UIKit.framework */; };
		3BBD300F1441DAC700AF0371 /* Foundation.framework in Frameworks */ = {isa = PBXBuildFile; fileRef = 3BBD300E1441DAC700AF0371 /* Foundation.framework */; };
		3BBD30111441DAC700AF0371 /* CoreGraphics.framework in Frameworks */ = {isa = PBXBuildFile; fileRef = 3BBD30101441DAC700AF0371 /* CoreGraphics.framework */; };
		3BBD30171441DAC700AF0371 /* InfoPlist.strings in Resources */ = {isa = PBXBuildFile; fileRef = 3BBD30151441DAC700AF0371 /* InfoPlist.strings */; };
		3BBD30191441DAC700AF0371 /* main.m in Sources */ = {isa = PBXBuildFile; fileRef = 3BBD30181441DAC700AF0371 /* main.m */; };
		3BBD301D1441DAC700AF0371 /* HelloAppDelegate.m in Sources */ = {isa = PBXBuildFile; fileRef = 3BBD301C1441DAC700AF0371 /* HelloAppDelegate.m */; };
		3BBD30201441DAC700AF0371 /* MainWindow.xib in Resources */ = {isa = PBXBuildFile; fileRef = 3BBD301E1441DAC700AF0371 /* MainWindow.xib */; };
		3BBD30271441DDF100AF0371 /* helloWorldIcon.png in Resources */ = {isa = PBXBuildFile; fileRef = 3BBD30261441DDF100AF0371 /* helloWorldIcon.png */; };
		3BBD302A1441DE4B00AF0371 /* HelloView.m in Sources */ = {isa = PBXBuildFile; fileRef = 3BBD30291441DE4B00AF0371 /* HelloView.m */; };
/* End PBXBuildFile section */

/* Begin PBXFileReference section */
		3BBD30081441DAC700AF0371 /* Hello.app */ = {isa = PBXFileReference; explicitFileType = wrapper.application; includeInIndex = 0; path = Hello.app; sourceTree = BUILT_PRODUCTS_DIR; };
		3BBD300C1441DAC700AF0371 /* UIKit.framework */ = {isa = PBXFileReference; lastKnownFileType = wrapper.framework; name = UIKit.framework; path = System/Library/Frameworks/UIKit.framework; sourceTree = SDKROOT; };
		3BBD300E1441DAC700AF0371 /* Foundation.framework */ = {isa = PBXFileReference; lastKnownFileType = wrapper.framework; name = Foundation.framework; path = System/Library/Frameworks/Foundation.framework; sourceTree = SDKROOT; };
		3BBD30101441DAC700AF0371 /* CoreGraphics.framework */ = {isa = PBXFileReference; lastKnownFileType = wrapper.framework; name = CoreGraphics.framework; path = System/Library/Frameworks/CoreGraphics.framework; sourceTree = SDKROOT; };
		3BBD30141441DAC700AF0371 /* Hello-Info.plist */ = {isa = PBXFileReference; lastKnownFileType = text.plist.xml; path = "Hello-Info.plist"; sourceTree = "<group>"; };
		3BBD30161441DAC700AF0371 /* en */ = {isa = PBXFileReference; lastKnownFileType = text.plist.strings; name = en; path = en.lproj/InfoPlist.strings; sourceTree = "<group>"; };
		3BBD30181441DAC700AF0371 /* main.m */ = {isa = PBXFileReference; lastKnownFileType = sourcecode.c.objc; path = main.m; sourceTree = "<group>"; };
		3BBD301A1441DAC700AF0371 /* Hello-Prefix.pch */ = {isa = PBXFileReference; lastKnownFileType = sourcecode.c.h; path = "Hello-Prefix.pch"; sourceTree = "<group>"; };
		3BBD301B1441DAC700AF0371 /* HelloAppDelegate.h */ = {isa = PBXFileReference; lastKnownFileType = sourcecode.c.h; path = HelloAppDelegate.h; sourceTree = "<group>"; };
		3BBD301C1441DAC700AF0371 /* HelloAppDelegate.m */ = {isa = PBXFileReference; lastKnownFileType = sourcecode.c.objc; path = HelloAppDelegate.m; sourceTree = "<group>"; };
		3BBD301F1441DAC700AF0371 /* en */ = {isa = PBXFileReference; lastKnownFileType = file.xib; name = en; path = en.lproj/MainWindow.xib; sourceTree = "<group>"; };
		3BBD30261441DDF100AF0371 /* helloWorldIcon.png */ = {isa = PBXFileReference; lastKnownFileType = image.png; path = helloWorldIcon.png; sourceTree = "<group>"; };
		3BBD30281441DE4B00AF0371 /* HelloView.h */ = {isa = PBXFileReference; fileEncoding = 4; lastKnownFileType = sourcecode.c.h; path = HelloView.h; sourceTree = "<group>"; };
		3BBD30291441DE4B00AF0371 /* HelloView.m */ = {isa = PBXFileReference; fileEncoding = 4; lastKnownFileType = sourcecode.c.objc; path = HelloView.m; sourceTree = "<group>"; };
/* End PBXFileReference section */

/* Begin PBXFrameworksBuildPhase section */
		3BBD30051441DAC700AF0371 /* Frameworks */ = {
			isa = PBXFrameworksBuildPhase;
			buildActionMask = 2147483647;
			files = (
				3BBD300D1441DAC700AF0371 /* UIKit.framework in Frameworks */,
				3BBD300F1441DAC700AF0371 /* Foundation.framework in Frameworks */,
				3BBD30111441DAC700AF0371 /* CoreGraphics.framework in Frameworks */,
			);
			runOnlyForDeploymentPostprocessing = 0;
		};
/* End PBXFrameworksBuildPhase section */

/* Begin PBXGroup section */
		3BBD2FFD1441DAC700AF0371 = {
			isa = PBXGroup;
			children = (
				3BBD30281441DE4B00AF0371 /* HelloView.h */,
				3BBD30291441DE4B00AF0371 /* HelloView.m */,
				3BBD30261441DDF100AF0371 /* helloWorldIcon.png */,
				3BBD30121441DAC700AF0371 /* Hello */,
				3BBD300B1441DAC700AF0371 /* Frameworks */,
				3BBD30091441DAC700AF0371 /* Products */,
			);
			sourceTree = "<group>";
		};
		3BBD30091441DAC700AF0371 /* Products */ = {
			isa = PBXGroup;
			children = (
				3BBD30081441DAC700AF0371 /* Hello.app */,
			);
			name = Products;
			sourceTree = "<group>";
		};
		3BBD300B1441DAC700AF0371 /* Frameworks */ = {
			isa = PBXGroup;
			children = (
				3BBD300C1441DAC700AF0371 /* UIKit.framework */,
				3BBD300E1441DAC700AF0371 /* Foundation.framework */,
				3BBD30101441DAC700AF0371 /* CoreGraphics.framework */,
			);
			name = Frameworks;
			sourceTree = "<group>";
		};
		3BBD30121441DAC700AF0371 /* Hello */ = {
			isa = PBXGroup;
			children = (
				3BBD301B1441DAC700AF0371 /* HelloAppDelegate.h */,
				3BBD301C1441DAC700AF0371 /* HelloAppDelegate.m */,
				3BBD301E1441DAC700AF0371 /* MainWindow.xib */,
				3BBD30131441DAC700AF0371 /* Supporting Files */,
			);
			path = Hello;
			sourceTree = "<group>";
		};
		3BBD30131441DAC700AF0371 /* Supporting Files */ = {
			isa = PBXGroup;
			children = (
				3BBD30141441DAC700AF0371 /* Hello-Info.plist */,
				3BBD30151441DAC700AF0371 /* InfoPlist.strings */,
				3BBD30181441DAC700AF0371 /* main.m */,
				3BBD301A1441DAC700AF0371 /* Hello-Prefix.pch */,
			);
			name = "Supporting Files";
			sourceTree = "<group>";
		};
/* End PBXGroup section */

/* Begin PBXNativeTarget section */
		3BBD30071441DAC700AF0371 /* Hello */ = {
			isa = PBXNativeTarget;
			buildConfigurationList = 3BBD30231441DAC700AF0371 /* Build configuration list for PBXNativeTarget "Hello" */;
			buildPhases = (
				3BBD30041441DAC700AF0371 /* Sources */,
				3BBD30051441DAC700AF0371 /* Frameworks */,
				3BBD30061441DAC700AF0371 /* Resources */,
			);
			buildRules = (
			);
			dependencies = (
			);
			name = Hello;
			productName = Hello;
			productReference = 3BBD30081441DAC700AF0371 /* Hello.app */;
			productType = "com.apple.product-type.application";
		};
/* End PBXNativeTarget section */

/* Begin PBXProject section */
		3BBD2FFF1441DAC700AF0371 /* Project object */ = {
			isa = PBXProject;
			buildConfigurationList = 3BBD30021441DAC700AF0371 /* Build configuration list for PBXProject "Hello" */;
			compatibilityVersion = "Xcode 3.2";
			developmentRegion = English;
			hasScannedForEncodings = 0;
			knownRegions = (
				en,
			);
			mainGroup = 3BBD2FFD1441DAC700AF0371;
			productRefGroup = 3BBD30091441DAC700AF0371 /* Products */;
			projectDirPath = "";
			projectRoot = "";
			targets = (
				3BBD30071441DAC700AF0371 /* Hello */,
			);
		};
/* End PBXProject section */

/* Begin PBXResourcesBuildPhase section */
		3BBD30061441DAC700AF0371 /* Resources */ = {
			isa = PBXResourcesBuildPhase;
			buildActionMask = 2147483647;
			files = (
				3BBD30171441DAC700AF0371 /* InfoPlist.strings in Resources */,
				3BBD30201441DAC700AF0371 /* MainWindow.xib in Resources */,
				3BBD30271441DDF100AF0371 /* helloWorldIcon.png in Resources */,
			);
			runOnlyForDeploymentPostprocessing = 0;
		};
/* End PBXResourcesBuildPhase section */

/* Begin PBXSourcesBuildPhase section */
		3BBD30041441DAC700AF0371 /* Sources */ = {
			isa = PBXSourcesBuildPhase;
			buildActionMask = 2147483647;
			files = (
				3BBD30191441DAC700AF0371 /* main.m in Sources */,
				3BBD301D1441DAC700AF0371 /* HelloAppDelegate.m in Sources */,
				3BBD302A1441DE4B00AF0371 /* HelloView.m in Sources */,
			);
			runOnlyForDeploymentPostprocessing = 0;
		};
/* End PBXSourcesBuildPhase section */

/* Begin PBXVariantGroup section */
		3BBD30151441DAC700AF0371 /* InfoPlist.strings */ = {
			isa = PBXVariantGroup;
			children = (
				3BBD30161441DAC700AF0371 /* en */,
			);
			name = InfoPlist.strings;
			sourceTree = "<group>";
		};
		3BBD301E1441DAC700AF0371 /* MainWindow.xib */ = {
			isa = PBXVariantGroup;
			children = (
				3BBD301F1441DAC700AF0371 /* en */,
			);
			name = MainWindow.xib;
			sourceTree = "<group>";
		};
/* End PBXVariantGroup section */

/* Begin XCBuildConfiguration section */
		3BBD30211441DAC700AF0371 /* Debug */ = {
			isa = XCBuildConfiguration;
			buildSettings = {
				ALWAYS_SEARCH_USER_PATHS = NO;
				ARCHS = "$(ARCHS_STANDARD_32_BIT)";
				"CODE_SIGN_IDENTITY[sdk=iphoneos*]" = "iPhone Developer";
				COPY_PHASE_STRIP = NO;
				GCC_C_LANGUAGE_STANDARD = gnu99;
				GCC_DYNAMIC_NO_PIC = NO;
				GCC_OPTIMIZATION_LEVEL = 0;
				GCC_PREPROCESSOR_DEFINITIONS = (
					"DEBUG=1",
					"$(inherited)",
				);
				GCC_SYMBOLS_PRIVATE_EXTERN = NO;
				GCC_VERSION = com.apple.compilers.llvmgcc42;
				GCC_WARN_ABOUT_MISSING_PROTOTYPES = YES;
				GCC_WARN_ABOUT_RETURN_TYPE = YES;
				GCC_WARN_UNUSED_VARIABLE = YES;
				IPHONEOS_DEPLOYMENT_TARGET = 4.3;
				SDKROOT = iphoneos;
			};
			name = Debug;
		};
		3BBD30221441DAC700AF0371 /* Release */ = {
			isa = XCBuildConfiguration;
			buildSettings = {
				ALWAYS_SEARCH_USER_PATHS = NO;
				ARCHS = "$(ARCHS_STANDARD_32_BIT)";
				"CODE_SIGN_IDENTITY[sdk=iphoneos*]" = "iPhone Developer";
				COPY_PHASE_STRIP = YES;
				GCC_C_LANGUAGE_STANDARD = gnu99;
				GCC_VERSION = com.apple.compilers.llvmgcc42;
				GCC_WARN_ABOUT_MISSING_PROTOTYPES = YES;
				GCC_WARN_ABOUT_RETURN_TYPE = YES;
				GCC_WARN_UNUSED_VARIABLE = YES;
				IPHONEOS_DEPLOYMENT_TARGET = 4.3;
				OTHER_CFLAGS = "-DNS_BLOCK_ASSERTIONS=1";
				SDKROOT = iphoneos;
				VALIDATE_PRODUCT = YES;
			};
			name = Release;
		};
		3BBD30241441DAC700AF0371 /* Debug */ = {
			isa = XCBuildConfiguration;
			buildSettings = {
				GCC_PRECOMPILE_PREFIX_HEADER = YES;
				GCC_PREFIX_HEADER = "Hello/Hello-Prefix.pch";
				INFOPLIST_FILE = "Hello/Hello-Info.plist";
				PRODUCT_NAME = "$(TARGET_NAME)";
				WRAPPER_EXTENSION = app;
			};
			name = Debug;
		};
		3BBD30251441DAC700AF0371 /* Release */ = {
			isa = XCBuildConfiguration;
			buildSettings = {
				GCC_PRECOMPILE_PREFIX_HEADER = YES;
				GCC_PREFIX_HEADER = "Hello/Hello-Prefix.pch";
				INFOPLIST_FILE = "Hello/Hello-Info.plist";
				PRODUCT_NAME = "$(TARGET_NAME)";
				WRAPPER_EXTENSION = app;
			};
			name = Release;
		};
/* End XCBuildConfiguration section */

/* Begin XCConfigurationList section */
		3BBD30021441DAC700AF0371 /* Build configuration list for PBXProject "Hello" */ = {
			isa = XCConfigurationList;
			buildConfigurations = (
				3BBD30211441DAC700AF0371 /* Debug */,
				3BBD30221441DAC700AF0371 /* Release */,
			);
			defaultConfigurationIsVisible = 0;
			defaultConfigurationName = Release;
		};
		3BBD30231441DAC700AF0371 /* Build configuration list for PBXNativeTarget "Hello" */ = {
			isa = XCConfigurationList;
			buildConfigurations = (
				3BBD30241441DAC700AF0371 /* Debug */,
				3BBD30251441DAC700AF0371 /* Release */,
			);
			defaultConfigurationIsVisible = 0;
		};
/* End XCConfigurationList section */
	};
	rootObject = 3BBD2FFF1441DAC700AF0371 /* Project object */;
}
