// !$*UTF8*$!
{
	archiveVersion = 1;
	classes = {
	};
	objectVersion = 46;
	objects = {

/* Begin PBXBuildFile section */
		3B58A50A1C79643400005E5F /* AppDelegate.swift in Sources */ = {isa = PBXBuildFile; fileRef = 3B58A5091C79643400005E5F /* AppDelegate.swift */; };
		3B58A50C1C79643400005E5F /* ViewController.swift in Sources */ = {isa = PBXBuildFile; fileRef = 3B58A50B1C79643400005E5F /* ViewController.swift */; };
		3B58A50F1C79643400005E5F /* Main.storyboard in Resources */ = {isa = PBXBuildFile; fileRef = 3B58A50D1C79643400005E5F /* Main.storyboard */; };
		3B58A5111C79643400005E5F /* Assets.xcassets in Resources */ = {isa = PBXBuildFile; fileRef = 3B58A5101C79643400005E5F /* Assets.xcassets */; };
		3B58A5141C79643400005E5F /* LaunchScreen.storyboard in Resources */ = {isa = PBXBuildFile; fileRef = 3B58A5121C79643400005E5F /* LaunchScreen.storyboard */; };
		3B58A51F1C79643400005E5F /* Layout_ExampleTests.swift in Sources */ = {isa = PBXBuildFile; fileRef = 3B58A51E1C79643400005E5F /* Layout_ExampleTests.swift */; };
/* End PBXBuildFile section */

/* Begin PBXContainerItemProxy section */
		3B58A51B1C79643400005E5F /* PBXContainerItemProxy */ = {
			isa = PBXContainerItemProxy;
			containerPortal = 3B58A4FE1C79643400005E5F /* Project object */;
			proxyType = 1;
			remoteGlobalIDString = 3B58A5051C79643400005E5F;
			remoteInfo = "Layout Example";
		};
/* End PBXContainerItemProxy section */

/* Begin PBXFileReference section */
		3B58A5061C79643400005E5F /* Layout Example.app */ = {isa = PBXFileReference; explicitFileType = wrapper.application; includeInIndex = 0; path = "Layout Example.app"; sourceTree = BUILT_PRODUCTS_DIR; };
		3B58A5091C79643400005E5F /* AppDelegate.swift */ = {isa = PBXFileReference; lastKnownFileType = sourcecode.swift; path = AppDelegate.swift; sourceTree = "<group>"; };
		3B58A50B1C79643400005E5F /* ViewController.swift */ = {isa = PBXFileReference; lastKnownFileType = sourcecode.swift; path = ViewController.swift; sourceTree = "<group>"; };
		3B58A50E1C79643400005E5F /* Base */ = {isa = PBXFileReference; lastKnownFileType = file.storyboard; name = Base; path = Base.lproj/Main.storyboard; sourceTree = "<group>"; };
		3B58A5101C79643400005E5F /* Assets.xcassets */ = {isa = PBXFileReference; lastKnownFileType = folder.assetcatalog; path = Assets.xcassets; sourceTree = "<group>"; };
		3B58A5131C79643400005E5F /* Base */ = {isa = PBXFileReference; lastKnownFileType = file.storyboard; name = Base; path = Base.lproj/LaunchScreen.storyboard; sourceTree = "<group>"; };
		3B58A5151C79643400005E5F /* Info.plist */ = {isa = PBXFileReference; lastKnownFileType = text.plist.xml; path = Info.plist; sourceTree = "<group>"; };
		3B58A51A1C79643400005E5F /* Layout ExampleTests.xctest */ = {isa = PBXFileReference; explicitFileType = wrapper.cfbundle; includeInIndex = 0; path = "Layout ExampleTests.xctest"; sourceTree = BUILT_PRODUCTS_DIR; };
		3B58A51E1C79643400005E5F /* Layout_ExampleTests.swift */ = {isa = PBXFileReference; lastKnownFileType = sourcecode.swift; path = Layout_ExampleTests.swift; sourceTree = "<group>"; };
		3B58A5201C79643400005E5F /* Info.plist */ = {isa = PBXFileReference; lastKnownFileType = text.plist.xml; path = Info.plist; sourceTree = "<group>"; };
/* End PBXFileReference section */

/* Begin PBXFrameworksBuildPhase section */
		3B58A5031C79643400005E5F /* Frameworks */ = {
			isa = PBXFrameworksBuildPhase;
			buildActionMask = 2147483647;
			files = (
			);
			runOnlyForDeploymentPostprocessing = 0;
		};
		3B58A5171C79643400005E5F /* Frameworks */ = {
			isa = PBXFrameworksBuildPhase;
			buildActionMask = 2147483647;
			files = (
			);
			runOnlyForDeploymentPostprocessing = 0;
		};
/* End PBXFrameworksBuildPhase section */

/* Begin PBXGroup section */
		3B58A4FD1C79643400005E5F = {
			isa = PBXGroup;
			children = (
				3B58A5081C79643400005E5F /* Layout Example */,
				3B58A51D1C79643400005E5F /* Layout ExampleTests */,
				3B58A5071C79643400005E5F /* Products */,
			);
			sourceTree = "<group>";
		};
		3B58A5071C79643400005E5F /* Products */ = {
			isa = PBXGroup;
			children = (
				3B58A5061C79643400005E5F /* Layout Example.app */,
				3B58A51A1C79643400005E5F /* Layout ExampleTests.xctest */,
			);
			name = Products;
			sourceTree = "<group>";
		};
		3B58A5081C79643400005E5F /* Layout Example */ = {
			isa = PBXGroup;
			children = (
				3B58A5091C79643400005E5F /* AppDelegate.swift */,
				3B58A50B1C79643400005E5F /* ViewController.swift */,
				3B58A50D1C79643400005E5F /* Main.storyboard */,
				3B58A5101C79643400005E5F /* Assets.xcassets */,
				3B58A5121C79643400005E5F /* LaunchScreen.storyboard */,
				3B58A5151C79643400005E5F /* Info.plist */,
			);
			path = "Layout Example";
			sourceTree = "<group>";
		};
		3B58A51D1C79643400005E5F /* Layout ExampleTests */ = {
			isa = PBXGroup;
			children = (
				3B58A51E1C79643400005E5F /* Layout_ExampleTests.swift */,
				3B58A5201C79643400005E5F /* Info.plist */,
			);
			path = "Layout ExampleTests";
			sourceTree = "<group>";
		};
/* End PBXGroup section */

/* Begin PBXNativeTarget section */
		3B58A5051C79643400005E5F /* Layout Example */ = {
			isa = PBXNativeTarget;
			buildConfigurationList = 3B58A5231C79643400005E5F /* Build configuration list for PBXNativeTarget "Layout Example" */;
			buildPhases = (
				3B58A5021C79643400005E5F /* Sources */,
				3B58A5031C79643400005E5F /* Frameworks */,
				3B58A5041C79643400005E5F /* Resources */,
			);
			buildRules = (
			);
			dependencies = (
			);
			name = "Layout Example";
			productName = "Layout Example";
			productReference = 3B58A5061C79643400005E5F /* Layout Example.app */;
			productType = "com.apple.product-type.application";
		};
		3B58A5191C79643400005E5F /* Layout ExampleTests */ = {
			isa = PBXNativeTarget;
			buildConfigurationList = 3B58A5261C79643400005E5F /* Build configuration list for PBXNativeTarget "Layout ExampleTests" */;
			buildPhases = (
				3B58A5161C79643400005E5F /* Sources */,
				3B58A5171C79643400005E5F /* Frameworks */,
				3B58A5181C79643400005E5F /* Resources */,
			);
			buildRules = (
			);
			dependencies = (
				3B58A51C1C79643400005E5F /* PBXTargetDependency */,
			);
			name = "Layout ExampleTests";
			productName = "Layout ExampleTests";
			productReference = 3B58A51A1C79643400005E5F /* Layout ExampleTests.xctest */;
			productType = "com.apple.product-type.bundle.unit-test";
		};
/* End PBXNativeTarget section */

/* Begin PBXProject section */
		3B58A4FE1C79643400005E5F /* Project object */ = {
			isa = PBXProject;
			attributes = {
				LastSwiftUpdateCheck = 0720;
				LastUpgradeCheck = 0720;
				ORGANIZATIONNAME = denghaijun;
				TargetAttributes = {
					3B58A5051C79643400005E5F = {
						CreatedOnToolsVersion = 7.2.1;
						DevelopmentTeam = CQQ66WWLK6;
					};
					3B58A5191C79643400005E5F = {
						CreatedOnToolsVersion = 7.2.1;
						DevelopmentTeam = CQQ66WWLK6;
						TestTargetID = 3B58A5051C79643400005E5F;
					};
				};
			};
			buildConfigurationList = 3B58A5011C79643400005E5F /* Build configuration list for PBXProject "Layout Example" */;
			compatibilityVersion = "Xcode 3.2";
			developmentRegion = English;
			hasScannedForEncodings = 0;
			knownRegions = (
				en,
				Base,
			);
			mainGroup = 3B58A4FD1C79643400005E5F;
			productRefGroup = 3B58A5071C79643400005E5F /* Products */;
			projectDirPath = "";
			projectRoot = "";
			targets = (
				3B58A5051C79643400005E5F /* Layout Example */,
				3B58A5191C79643400005E5F /* Layout ExampleTests */,
			);
		};
/* End PBXProject section */

/* Begin PBXResourcesBuildPhase section */
		3B58A5041C79643400005E5F /* Resources */ = {
			isa = PBXResourcesBuildPhase;
			buildActionMask = 2147483647;
			files = (
				3B58A5141C79643400005E5F /* LaunchScreen.storyboard in Resources */,
				3B58A5111C79643400005E5F /* Assets.xcassets in Resources */,
				3B58A50F1C79643400005E5F /* Main.storyboard in Resources */,
			);
			runOnlyForDeploymentPostprocessing = 0;
		};
		3B58A5181C79643400005E5F /* Resources */ = {
			isa = PBXResourcesBuildPhase;
			buildActionMask = 2147483647;
			files = (
			);
			runOnlyForDeploymentPostprocessing = 0;
		};
/* End PBXResourcesBuildPhase section */

/* Begin PBXSourcesBuildPhase section */
		3B58A5021C79643400005E5F /* Sources */ = {
			isa = PBXSourcesBuildPhase;
			buildActionMask = 2147483647;
			files = (
				3B58A50C1C79643400005E5F /* ViewController.swift in Sources */,
				3B58A50A1C79643400005E5F /* AppDelegate.swift in Sources */,
			);
			runOnlyForDeploymentPostprocessing = 0;
		};
		3B58A5161C79643400005E5F /* Sources */ = {
			isa = PBXSourcesBuildPhase;
			buildActionMask = 2147483647;
			files = (
				3B58A51F1C79643400005E5F /* Layout_ExampleTests.swift in Sources */,
			);
			runOnlyForDeploymentPostprocessing = 0;
		};
/* End PBXSourcesBuildPhase section */

/* Begin PBXTargetDependency section */
		3B58A51C1C79643400005E5F /* PBXTargetDependency */ = {
			isa = PBXTargetDependency;
			target = 3B58A5051C79643400005E5F /* Layout Example */;
			targetProxy = 3B58A51B1C79643400005E5F /* PBXContainerItemProxy */;
		};
/* End PBXTargetDependency section */

/* Begin PBXVariantGroup section */
		3B58A50D1C79643400005E5F /* Main.storyboard */ = {
			isa = PBXVariantGroup;
			children = (
				3B58A50E1C79643400005E5F /* Base */,
			);
			name = Main.storyboard;
			sourceTree = "<group>";
		};
		3B58A5121C79643400005E5F /* LaunchScreen.storyboard */ = {
			isa = PBXVariantGroup;
			children = (
				3B58A5131C79643400005E5F /* Base */,
			);
			name = LaunchScreen.storyboard;
			sourceTree = "<group>";
		};
/* End PBXVariantGroup section */

/* Begin XCBuildConfiguration section */
		3B58A5211C79643400005E5F /* Debug */ = {
			isa = XCBuildConfiguration;
			buildSettings = {
				ALWAYS_SEARCH_USER_PATHS = NO;
				CLANG_CXX_LANGUAGE_STANDARD = "gnu++0x";
				CLANG_CXX_LIBRARY = "libc++";
				CLANG_ENABLE_MODULES = YES;
				CLANG_ENABLE_OBJC_ARC = YES;
				CLANG_WARN_BOOL_CONVERSION = YES;
				CLANG_WARN_CONSTANT_CONVERSION = YES;
				CLANG_WARN_DIRECT_OBJC_ISA_USAGE = YES_ERROR;
				CLANG_WARN_EMPTY_BODY = YES;
				CLANG_WARN_ENUM_CONVERSION = YES;
				CLANG_WARN_INT_CONVERSION = YES;
				CLANG_WARN_OBJC_ROOT_CLASS = YES_ERROR;
				CLANG_WARN_UNREACHABLE_CODE = YES;
				CLANG_WARN__DUPLICATE_METHOD_MATCH = YES;
				"CODE_SIGN_IDENTITY[sdk=iphoneos*]" = "iPhone Developer";
				COPY_PHASE_STRIP = NO;
				DEBUG_INFORMATION_FORMAT = dwarf;
				ENABLE_STRICT_OBJC_MSGSEND = YES;
				ENABLE_TESTABILITY = YES;
				GCC_C_LANGUAGE_STANDARD = gnu99;
				GCC_DYNAMIC_NO_PIC = NO;
				GCC_NO_COMMON_BLOCKS = YES;
				GCC_OPTIMIZATION_LEVEL = 0;
				GCC_PREPROCESSOR_DEFINITIONS = (
					"DEBUG=1",
					"$(inherited)",
				);
				GCC_WARN_64_TO_32_BIT_CONVERSION = YES;
				GCC_WARN_ABOUT_RETURN_TYPE = YES_ERROR;
				GCC_WARN_UNDECLARED_SELECTOR = YES;
				GCC_WARN_UNINITIALIZED_AUTOS = YES_AGGRESSIVE;
				GCC_WARN_UNUSED_FUNCTION = YES;
				GCC_WARN_UNUSED_VARIABLE = YES;
				IPHONEOS_DEPLOYMENT_TARGET = 9.2;
				MTL_ENABLE_DEBUG_INFO = YES;
				ONLY_ACTIVE_ARCH = YES;
				SDKROOT = iphoneos;
				SWIFT_OPTIMIZATION_LEVEL = "-Onone";
				TARGETED_DEVICE_FAMILY = "1,2";
			};
			name = Debug;
		};
		3B58A5221C79643400005E5F /* Release */ = {
			isa = XCBuildConfiguration;
			buildSettings = {
				ALWAYS_SEARCH_USER_PATHS = NO;
				CLANG_CXX_LANGUAGE_STANDARD = "gnu++0x";
				CLANG_CXX_LIBRARY = "libc++";
				CLANG_ENABLE_MODULES = YES;
				CLANG_ENABLE_OBJC_ARC = YES;
				CLANG_WARN_BOOL_CONVERSION = YES;
				CLANG_WARN_CONSTANT_CONVERSION = YES;
				CLANG_WARN_DIRECT_OBJC_ISA_USAGE = YES_ERROR;
				CLANG_WARN_EMPTY_BODY = YES;
				CLANG_WARN_ENUM_CONVERSION = YES;
				CLANG_WARN_INT_CONVERSION = YES;
				CLANG_WARN_OBJC_ROOT_CLASS = YES_ERROR;
				CLANG_WARN_UNREACHABLE_CODE = YES;
				CLANG_WARN__DUPLICATE_METHOD_MATCH = YES;
				"CODE_SIGN_IDENTITY[sdk=iphoneos*]" = "iPhone Developer";
				COPY_PHASE_STRIP = NO;
				DEBUG_INFORMATION_FORMAT = "dwarf-with-dsym";
				ENABLE_NS_ASSERTIONS = NO;
				ENABLE_STRICT_OBJC_MSGSEND = YES;
				GCC_C_LANGUAGE_STANDARD = gnu99;
				GCC_NO_COMMON_BLOCKS = YES;
				GCC_WARN_64_TO_32_BIT_CONVERSION = YES;
				GCC_WARN_ABOUT_RETURN_TYPE = YES_ERROR;
				GCC_WARN_UNDECLARED_SELECTOR = YES;
				GCC_WARN_UNINITIALIZED_AUTOS = YES_AGGRESSIVE;
				GCC_WARN_UNUSED_FUNCTION = YES;
				GCC_WARN_UNUSED_VARIABLE = YES;
				IPHONEOS_DEPLOYMENT_TARGET = 9.2;
				MTL_ENABLE_DEBUG_INFO = NO;
				SDKROOT = iphoneos;
				TARGETED_DEVICE_FAMILY = "1,2";
				VALIDATE_PRODUCT = YES;
			};
			name = Release;
		};
		3B58A5241C79643400005E5F /* Debug */ = {
			isa = XCBuildConfiguration;
			buildSettings = {
				ASSETCATALOG_COMPILER_APPICON_NAME = AppIcon;
				INFOPLIST_FILE = "Layout Example/Info.plist";
				LD_RUNPATH_SEARCH_PATHS = "$(inherited) @executable_path/Frameworks";
				PRODUCT_BUNDLE_IDENTIFIER = "com.example.Layout-Example";
				PRODUCT_NAME = "$(TARGET_NAME)";
			};
			name = Debug;
		};
		3B58A5251C79643400005E5F /* Release */ = {
			isa = XCBuildConfiguration;
			buildSettings = {
				ASSETCATALOG_COMPILER_APPICON_NAME = AppIcon;
				INFOPLIST_FILE = "Layout Example/Info.plist";
				LD_RUNPATH_SEARCH_PATHS = "$(inherited) @executable_path/Frameworks";
				PRODUCT_BUNDLE_IDENTIFIER = "com.example.Layout-Example";
				PRODUCT_NAME = "$(TARGET_NAME)";
			};
			name = Release;
		};
		3B58A5271C79643400005E5F /* Debug */ = {
			isa = XCBuildConfiguration;
			buildSettings = {
				BUNDLE_LOADER = "$(TEST_HOST)";
				INFOPLIST_FILE = "Layout ExampleTests/Info.plist";
				LD_RUNPATH_SEARCH_PATHS = "$(inherited) @executable_path/Frameworks @loader_path/Frameworks";
				PRODUCT_BUNDLE_IDENTIFIER = "com.example.Layout-ExampleTests";
				PRODUCT_NAME = "$(TARGET_NAME)";
				TEST_HOST = "$(BUILT_PRODUCTS_DIR)/Layout Example.app/Layout Example";
			};
			name = Debug;
		};
		3B58A5281C79643400005E5F /* Release */ = {
			isa = XCBuildConfiguration;
			buildSettings = {
				BUNDLE_LOADER = "$(TEST_HOST)";
				INFOPLIST_FILE = "Layout ExampleTests/Info.plist";
				LD_RUNPATH_SEARCH_PATHS = "$(inherited) @executable_path/Frameworks @loader_path/Frameworks";
				PRODUCT_BUNDLE_IDENTIFIER = "com.example.Layout-ExampleTests";
				PRODUCT_NAME = "$(TARGET_NAME)";
				TEST_HOST = "$(BUILT_PRODUCTS_DIR)/Layout Example.app/Layout Example";
			};
			name = Release;
		};
/* End XCBuildConfiguration section */

/* Begin XCConfigurationList section */
		3B58A5011C79643400005E5F /* Build configuration list for PBXProject "Layout Example" */ = {
			isa = XCConfigurationList;
			buildConfigurations = (
				3B58A5211C79643400005E5F /* Debug */,
				3B58A5221C79643400005E5F /* Release */,
			);
			defaultConfigurationIsVisible = 0;
			defaultConfigurationName = Release;
		};
		3B58A5231C79643400005E5F /* Build configuration list for PBXNativeTarget "Layout Example" */ = {
			isa = XCConfigurationList;
			buildConfigurations = (
				3B58A5241C79643400005E5F /* Debug */,
				3B58A5251C79643400005E5F /* Release */,
			);
			defaultConfigurationIsVisible = 0;
		};
		3B58A5261C79643400005E5F /* Build configuration list for PBXNativeTarget "Layout ExampleTests" */ = {
			isa = XCConfigurationList;
			buildConfigurations = (
				3B58A5271C79643400005E5F /* Debug */,
				3B58A5281C79643400005E5F /* Release */,
			);
			defaultConfigurationIsVisible = 0;
		};
/* End XCConfigurationList section */
	};
	rootObject = 3B58A4FE1C79643400005E5F /* Project object */;
}
