// !$*UTF8*$!
{
	archiveVersion = 1;
	classes = {
	};
	objectVersion = 46;
	objects = {

/* Begin PBXBuildFile section */
		3B30607F1C82B40100D593F0 /* AppDelegate.swift in Sources */ = {isa = PBXBuildFile; fileRef = 3B30607E1C82B40100D593F0 /* AppDelegate.swift */; };
		3B3060811C82B40100D593F0 /* SearchResultsViewController.swift in Sources */ = {isa = PBXBuildFile; fileRef = 3B3060801C82B40100D593F0 /* SearchResultsViewController.swift */; };
		3B3060841C82B40100D593F0 /* Main.storyboard in Resources */ = {isa = PBXBuildFile; fileRef = 3B3060821C82B40100D593F0 /* Main.storyboard */; };
		3B3060861C82B40100D593F0 /* Assets.xcassets in Resources */ = {isa = PBXBuildFile; fileRef = 3B3060851C82B40100D593F0 /* Assets.xcassets */; };
		3B3060891C82B40100D593F0 /* LaunchScreen.storyboard in Resources */ = {isa = PBXBuildFile; fileRef = 3B3060871C82B40100D593F0 /* LaunchScreen.storyboard */; };
		3B3060941C82B40200D593F0 /* HelloWorldTests.swift in Sources */ = {isa = PBXBuildFile; fileRef = 3B3060931C82B40200D593F0 /* HelloWorldTests.swift */; };
		3B9ED1A21C83101800E717B1 /* APIController.swift in Sources */ = {isa = PBXBuildFile; fileRef = 3B9ED1A11C83101800E717B1 /* APIController.swift */; };
/* End PBXBuildFile section */

/* Begin PBXContainerItemProxy section */
		3B3060901C82B40200D593F0 /* PBXContainerItemProxy */ = {
			isa = PBXContainerItemProxy;
			containerPortal = 3B3060731C82B40100D593F0 /* Project object */;
			proxyType = 1;
			remoteGlobalIDString = 3B30607A1C82B40100D593F0;
			remoteInfo = HelloWorld;
		};
/* End PBXContainerItemProxy section */

/* Begin PBXFileReference section */
		3B30607B1C82B40100D593F0 /* HelloWorld.app */ = {isa = PBXFileReference; explicitFileType = wrapper.application; includeInIndex = 0; path = HelloWorld.app; sourceTree = BUILT_PRODUCTS_DIR; };
		3B30607E1C82B40100D593F0 /* AppDelegate.swift */ = {isa = PBXFileReference; lastKnownFileType = sourcecode.swift; path = AppDelegate.swift; sourceTree = "<group>"; };
		3B3060801C82B40100D593F0 /* SearchResultsViewController.swift */ = {isa = PBXFileReference; lastKnownFileType = sourcecode.swift; path = SearchResultsViewController.swift; sourceTree = "<group>"; };
		3B3060831C82B40100D593F0 /* Base */ = {isa = PBXFileReference; lastKnownFileType = file.storyboard; name = Base; path = Base.lproj/Main.storyboard; sourceTree = "<group>"; };
		3B3060851C82B40100D593F0 /* Assets.xcassets */ = {isa = PBXFileReference; lastKnownFileType = folder.assetcatalog; path = Assets.xcassets; sourceTree = "<group>"; };
		3B3060881C82B40100D593F0 /* Base */ = {isa = PBXFileReference; lastKnownFileType = file.storyboard; name = Base; path = Base.lproj/LaunchScreen.storyboard; sourceTree = "<group>"; };
		3B30608A1C82B40100D593F0 /* Info.plist */ = {isa = PBXFileReference; lastKnownFileType = text.plist.xml; path = Info.plist; sourceTree = "<group>"; };
		3B30608F1C82B40200D593F0 /* HelloWorldTests.xctest */ = {isa = PBXFileReference; explicitFileType = wrapper.cfbundle; includeInIndex = 0; path = HelloWorldTests.xctest; sourceTree = BUILT_PRODUCTS_DIR; };
		3B3060931C82B40200D593F0 /* HelloWorldTests.swift */ = {isa = PBXFileReference; lastKnownFileType = sourcecode.swift; path = HelloWorldTests.swift; sourceTree = "<group>"; };
		3B3060951C82B40200D593F0 /* Info.plist */ = {isa = PBXFileReference; lastKnownFileType = text.plist.xml; path = Info.plist; sourceTree = "<group>"; };
		3B9ED1A11C83101800E717B1 /* APIController.swift */ = {isa = PBXFileReference; fileEncoding = 4; lastKnownFileType = sourcecode.swift; path = APIController.swift; sourceTree = "<group>"; };
/* End PBXFileReference section */

/* Begin PBXFrameworksBuildPhase section */
		3B3060781C82B40100D593F0 /* Frameworks */ = {
			isa = PBXFrameworksBuildPhase;
			buildActionMask = 2147483647;
			files = (
			);
			runOnlyForDeploymentPostprocessing = 0;
		};
		3B30608C1C82B40200D593F0 /* Frameworks */ = {
			isa = PBXFrameworksBuildPhase;
			buildActionMask = 2147483647;
			files = (
			);
			runOnlyForDeploymentPostprocessing = 0;
		};
/* End PBXFrameworksBuildPhase section */

/* Begin PBXGroup section */
		3B3060721C82B40100D593F0 = {
			isa = PBXGroup;
			children = (
				3B30607D1C82B40100D593F0 /* HelloWorld */,
				3B3060921C82B40200D593F0 /* HelloWorldTests */,
				3B30607C1C82B40100D593F0 /* Products */,
			);
			sourceTree = "<group>";
		};
		3B30607C1C82B40100D593F0 /* Products */ = {
			isa = PBXGroup;
			children = (
				3B30607B1C82B40100D593F0 /* HelloWorld.app */,
				3B30608F1C82B40200D593F0 /* HelloWorldTests.xctest */,
			);
			name = Products;
			sourceTree = "<group>";
		};
		3B30607D1C82B40100D593F0 /* HelloWorld */ = {
			isa = PBXGroup;
			children = (
				3B30607E1C82B40100D593F0 /* AppDelegate.swift */,
				3B3060801C82B40100D593F0 /* SearchResultsViewController.swift */,
				3B9ED1A11C83101800E717B1 /* APIController.swift */,
				3B3060821C82B40100D593F0 /* Main.storyboard */,
				3B3060851C82B40100D593F0 /* Assets.xcassets */,
				3B3060871C82B40100D593F0 /* LaunchScreen.storyboard */,
				3B30608A1C82B40100D593F0 /* Info.plist */,
			);
			path = HelloWorld;
			sourceTree = "<group>";
		};
		3B3060921C82B40200D593F0 /* HelloWorldTests */ = {
			isa = PBXGroup;
			children = (
				3B3060931C82B40200D593F0 /* HelloWorldTests.swift */,
				3B3060951C82B40200D593F0 /* Info.plist */,
			);
			path = HelloWorldTests;
			sourceTree = "<group>";
		};
/* End PBXGroup section */

/* Begin PBXNativeTarget section */
		3B30607A1C82B40100D593F0 /* HelloWorld */ = {
			isa = PBXNativeTarget;
			buildConfigurationList = 3B3060981C82B40200D593F0 /* Build configuration list for PBXNativeTarget "HelloWorld" */;
			buildPhases = (
				3B3060771C82B40100D593F0 /* Sources */,
				3B3060781C82B40100D593F0 /* Frameworks */,
				3B3060791C82B40100D593F0 /* Resources */,
			);
			buildRules = (
			);
			dependencies = (
			);
			name = HelloWorld;
			productName = HelloWorld;
			productReference = 3B30607B1C82B40100D593F0 /* HelloWorld.app */;
			productType = "com.apple.product-type.application";
		};
		3B30608E1C82B40200D593F0 /* HelloWorldTests */ = {
			isa = PBXNativeTarget;
			buildConfigurationList = 3B30609B1C82B40200D593F0 /* Build configuration list for PBXNativeTarget "HelloWorldTests" */;
			buildPhases = (
				3B30608B1C82B40200D593F0 /* Sources */,
				3B30608C1C82B40200D593F0 /* Frameworks */,
				3B30608D1C82B40200D593F0 /* Resources */,
			);
			buildRules = (
			);
			dependencies = (
				3B3060911C82B40200D593F0 /* PBXTargetDependency */,
			);
			name = HelloWorldTests;
			productName = HelloWorldTests;
			productReference = 3B30608F1C82B40200D593F0 /* HelloWorldTests.xctest */;
			productType = "com.apple.product-type.bundle.unit-test";
		};
/* End PBXNativeTarget section */

/* Begin PBXProject section */
		3B3060731C82B40100D593F0 /* Project object */ = {
			isa = PBXProject;
			attributes = {
				LastSwiftUpdateCheck = 0720;
				LastUpgradeCheck = 0720;
				ORGANIZATIONNAME = denghaijun;
				TargetAttributes = {
					3B30607A1C82B40100D593F0 = {
						CreatedOnToolsVersion = 7.2.1;
						DevelopmentTeam = CQQ66WWLK6;
					};
					3B30608E1C82B40200D593F0 = {
						CreatedOnToolsVersion = 7.2.1;
						DevelopmentTeam = CQQ66WWLK6;
						TestTargetID = 3B30607A1C82B40100D593F0;
					};
				};
			};
			buildConfigurationList = 3B3060761C82B40100D593F0 /* Build configuration list for PBXProject "HelloWorld" */;
			compatibilityVersion = "Xcode 3.2";
			developmentRegion = English;
			hasScannedForEncodings = 0;
			knownRegions = (
				en,
				Base,
			);
			mainGroup = 3B3060721C82B40100D593F0;
			productRefGroup = 3B30607C1C82B40100D593F0 /* Products */;
			projectDirPath = "";
			projectRoot = "";
			targets = (
				3B30607A1C82B40100D593F0 /* HelloWorld */,
				3B30608E1C82B40200D593F0 /* HelloWorldTests */,
			);
		};
/* End PBXProject section */

/* Begin PBXResourcesBuildPhase section */
		3B3060791C82B40100D593F0 /* Resources */ = {
			isa = PBXResourcesBuildPhase;
			buildActionMask = 2147483647;
			files = (
				3B3060891C82B40100D593F0 /* LaunchScreen.storyboard in Resources */,
				3B3060861C82B40100D593F0 /* Assets.xcassets in Resources */,
				3B3060841C82B40100D593F0 /* Main.storyboard in Resources */,
			);
			runOnlyForDeploymentPostprocessing = 0;
		};
		3B30608D1C82B40200D593F0 /* Resources */ = {
			isa = PBXResourcesBuildPhase;
			buildActionMask = 2147483647;
			files = (
			);
			runOnlyForDeploymentPostprocessing = 0;
		};
/* End PBXResourcesBuildPhase section */

/* Begin PBXSourcesBuildPhase section */
		3B3060771C82B40100D593F0 /* Sources */ = {
			isa = PBXSourcesBuildPhase;
			buildActionMask = 2147483647;
			files = (
				3B3060811C82B40100D593F0 /* SearchResultsViewController.swift in Sources */,
				3B30607F1C82B40100D593F0 /* AppDelegate.swift in Sources */,
				3B9ED1A21C83101800E717B1 /* APIController.swift in Sources */,
			);
			runOnlyForDeploymentPostprocessing = 0;
		};
		3B30608B1C82B40200D593F0 /* Sources */ = {
			isa = PBXSourcesBuildPhase;
			buildActionMask = 2147483647;
			files = (
				3B3060941C82B40200D593F0 /* HelloWorldTests.swift in Sources */,
			);
			runOnlyForDeploymentPostprocessing = 0;
		};
/* End PBXSourcesBuildPhase section */

/* Begin PBXTargetDependency section */
		3B3060911C82B40200D593F0 /* PBXTargetDependency */ = {
			isa = PBXTargetDependency;
			target = 3B30607A1C82B40100D593F0 /* HelloWorld */;
			targetProxy = 3B3060901C82B40200D593F0 /* PBXContainerItemProxy */;
		};
/* End PBXTargetDependency section */

/* Begin PBXVariantGroup section */
		3B3060821C82B40100D593F0 /* Main.storyboard */ = {
			isa = PBXVariantGroup;
			children = (
				3B3060831C82B40100D593F0 /* Base */,
			);
			name = Main.storyboard;
			sourceTree = "<group>";
		};
		3B3060871C82B40100D593F0 /* LaunchScreen.storyboard */ = {
			isa = PBXVariantGroup;
			children = (
				3B3060881C82B40100D593F0 /* Base */,
			);
			name = LaunchScreen.storyboard;
			sourceTree = "<group>";
		};
/* End PBXVariantGroup section */

/* Begin XCBuildConfiguration section */
		3B3060961C82B40200D593F0 /* Debug */ = {
			isa = XCBuildConfiguration;
			buildSettings = {
				ALWAYS_SEARCH_USER_PATHS = NO;
				CLANG_CXX_LANGUAGE_STANDARD = "gnu++0x";
				CLANG_CXX_LIBRARY = "libc++";
				CLANG_ENABLE_MODULES = YES;
				CLANG_ENABLE_OBJC_ARC = YES;
				CLANG_WARN_BOOL_CONVERSION = YES;
				CLANG_WARN_CONSTANT_CONVERSION = YES;
				CLANG_WARN_DIRECT_OBJC_ISA_USAGE = YES_ERROR;
				CLANG_WARN_EMPTY_BODY = YES;
				CLANG_WARN_ENUM_CONVERSION = YES;
				CLANG_WARN_INT_CONVERSION = YES;
				CLANG_WARN_OBJC_ROOT_CLASS = YES_ERROR;
				CLANG_WARN_UNREACHABLE_CODE = YES;
				CLANG_WARN__DUPLICATE_METHOD_MATCH = YES;
				"CODE_SIGN_IDENTITY[sdk=iphoneos*]" = "iPhone Developer";
				COPY_PHASE_STRIP = NO;
				DEBUG_INFORMATION_FORMAT = dwarf;
				ENABLE_STRICT_OBJC_MSGSEND = YES;
				ENABLE_TESTABILITY = YES;
				GCC_C_LANGUAGE_STANDARD = gnu99;
				GCC_DYNAMIC_NO_PIC = NO;
				GCC_NO_COMMON_BLOCKS = YES;
				GCC_OPTIMIZATION_LEVEL = 0;
				GCC_PREPROCESSOR_DEFINITIONS = (
					"DEBUG=1",
					"$(inherited)",
				);
				GCC_WARN_64_TO_32_BIT_CONVERSION = YES;
				GCC_WARN_ABOUT_RETURN_TYPE = YES_ERROR;
				GCC_WARN_UNDECLARED_SELECTOR = YES;
				GCC_WARN_UNINITIALIZED_AUTOS = YES_AGGRESSIVE;
				GCC_WARN_UNUSED_FUNCTION = YES;
				GCC_WARN_UNUSED_VARIABLE = YES;
				IPHONEOS_DEPLOYMENT_TARGET = 9.2;
				MTL_ENABLE_DEBUG_INFO = YES;
				ONLY_ACTIVE_ARCH = YES;
				SDKROOT = iphoneos;
				SWIFT_OPTIMIZATION_LEVEL = "-Onone";
				TARGETED_DEVICE_FAMILY = "1,2";
			};
			name = Debug;
		};
		3B3060971C82B40200D593F0 /* Release */ = {
			isa = XCBuildConfiguration;
			buildSettings = {
				ALWAYS_SEARCH_USER_PATHS = NO;
				CLANG_CXX_LANGUAGE_STANDARD = "gnu++0x";
				CLANG_CXX_LIBRARY = "libc++";
				CLANG_ENABLE_MODULES = YES;
				CLANG_ENABLE_OBJC_ARC = YES;
				CLANG_WARN_BOOL_CONVERSION = YES;
				CLANG_WARN_CONSTANT_CONVERSION = YES;
				CLANG_WARN_DIRECT_OBJC_ISA_USAGE = YES_ERROR;
				CLANG_WARN_EMPTY_BODY = YES;
				CLANG_WARN_ENUM_CONVERSION = YES;
				CLANG_WARN_INT_CONVERSION = YES;
				CLANG_WARN_OBJC_ROOT_CLASS = YES_ERROR;
				CLANG_WARN_UNREACHABLE_CODE = YES;
				CLANG_WARN__DUPLICATE_METHOD_MATCH = YES;
				"CODE_SIGN_IDENTITY[sdk=iphoneos*]" = "iPhone Developer";
				COPY_PHASE_STRIP = NO;
				DEBUG_INFORMATION_FORMAT = "dwarf-with-dsym";
				ENABLE_NS_ASSERTIONS = NO;
				ENABLE_STRICT_OBJC_MSGSEND = YES;
				GCC_C_LANGUAGE_STANDARD = gnu99;
				GCC_NO_COMMON_BLOCKS = YES;
				GCC_WARN_64_TO_32_BIT_CONVERSION = YES;
				GCC_WARN_ABOUT_RETURN_TYPE = YES_ERROR;
				GCC_WARN_UNDECLARED_SELECTOR = YES;
				GCC_WARN_UNINITIALIZED_AUTOS = YES_AGGRESSIVE;
				GCC_WARN_UNUSED_FUNCTION = YES;
				GCC_WARN_UNUSED_VARIABLE = YES;
				IPHONEOS_DEPLOYMENT_TARGET = 9.2;
				MTL_ENABLE_DEBUG_INFO = NO;
				SDKROOT = iphoneos;
				TARGETED_DEVICE_FAMILY = "1,2";
				VALIDATE_PRODUCT = YES;
			};
			name = Release;
		};
		3B3060991C82B40200D593F0 /* Debug */ = {
			isa = XCBuildConfiguration;
			buildSettings = {
				ASSETCATALOG_COMPILER_APPICON_NAME = AppIcon;
				INFOPLIST_FILE = HelloWorld/Info.plist;
				LD_RUNPATH_SEARCH_PATHS = "$(inherited) @executable_path/Frameworks";
				PRODUCT_BUNDLE_IDENTIFIER = com.example.HelloWorld;
				PRODUCT_NAME = "$(TARGET_NAME)";
			};
			name = Debug;
		};
		3B30609A1C82B40200D593F0 /* Release */ = {
			isa = XCBuildConfiguration;
			buildSettings = {
				ASSETCATALOG_COMPILER_APPICON_NAME = AppIcon;
				INFOPLIST_FILE = HelloWorld/Info.plist;
				LD_RUNPATH_SEARCH_PATHS = "$(inherited) @executable_path/Frameworks";
				PRODUCT_BUNDLE_IDENTIFIER = com.example.HelloWorld;
				PRODUCT_NAME = "$(TARGET_NAME)";
			};
			name = Release;
		};
		3B30609C1C82B40200D593F0 /* Debug */ = {
			isa = XCBuildConfiguration;
			buildSettings = {
				BUNDLE_LOADER = "$(TEST_HOST)";
				INFOPLIST_FILE = HelloWorldTests/Info.plist;
				LD_RUNPATH_SEARCH_PATHS = "$(inherited) @executable_path/Frameworks @loader_path/Frameworks";
				PRODUCT_BUNDLE_IDENTIFIER = com.example.HelloWorldTests;
				PRODUCT_NAME = "$(TARGET_NAME)";
				TEST_HOST = "$(BUILT_PRODUCTS_DIR)/HelloWorld.app/HelloWorld";
			};
			name = Debug;
		};
		3B30609D1C82B40200D593F0 /* Release */ = {
			isa = XCBuildConfiguration;
			buildSettings = {
				BUNDLE_LOADER = "$(TEST_HOST)";
				INFOPLIST_FILE = HelloWorldTests/Info.plist;
				LD_RUNPATH_SEARCH_PATHS = "$(inherited) @executable_path/Frameworks @loader_path/Frameworks";
				PRODUCT_BUNDLE_IDENTIFIER = com.example.HelloWorldTests;
				PRODUCT_NAME = "$(TARGET_NAME)";
				TEST_HOST = "$(BUILT_PRODUCTS_DIR)/HelloWorld.app/HelloWorld";
			};
			name = Release;
		};
/* End XCBuildConfiguration section */

/* Begin XCConfigurationList section */
		3B3060761C82B40100D593F0 /* Build configuration list for PBXProject "HelloWorld" */ = {
			isa = XCConfigurationList;
			buildConfigurations = (
				3B3060961C82B40200D593F0 /* Debug */,
				3B3060971C82B40200D593F0 /* Release */,
			);
			defaultConfigurationIsVisible = 0;
			defaultConfigurationName = Release;
		};
		3B3060981C82B40200D593F0 /* Build configuration list for PBXNativeTarget "HelloWorld" */ = {
			isa = XCConfigurationList;
			buildConfigurations = (
				3B3060991C82B40200D593F0 /* Debug */,
				3B30609A1C82B40200D593F0 /* Release */,
			);
			defaultConfigurationIsVisible = 0;
			defaultConfigurationName = Release;
		};
		3B30609B1C82B40200D593F0 /* Build configuration list for PBXNativeTarget "HelloWorldTests" */ = {
			isa = XCConfigurationList;
			buildConfigurations = (
				3B30609C1C82B40200D593F0 /* Debug */,
				3B30609D1C82B40200D593F0 /* Release */,
			);
			defaultConfigurationIsVisible = 0;
			defaultConfigurationName = Release;
		};
/* End XCConfigurationList section */
	};
	rootObject = 3B3060731C82B40100D593F0 /* Project object */;
}
